// !$*UTF8*$!
{
	archiveVersion = 1;
	classes = {
	};
	objectVersion = 46;
	objects = {

/* Begin PBXBuildFile section */
		0E9AD179FE3C41CFBA1FEA6D /* libPods.a in Frameworks */ = {isa = PBXBuildFile; fileRef = AC7F4EFCDB7E43E19307DEB7 /* libPods.a */; };
		B58CDE8E192933AC001924C7 /* Foundation.framework in Frameworks */ = {isa = PBXBuildFile; fileRef = B58CDE8D192933AC001924C7 /* Foundation.framework */; };
		B58CDE90192933AC001924C7 /* CoreGraphics.framework in Frameworks */ = {isa = PBXBuildFile; fileRef = B58CDE8F192933AC001924C7 /* CoreGraphics.framework */; };
		B58CDE92192933AC001924C7 /* UIKit.framework in Frameworks */ = {isa = PBXBuildFile; fileRef = B58CDE91192933AC001924C7 /* UIKit.framework */; };
		B58CDE98192933AC001924C7 /* InfoPlist.strings in Resources */ = {isa = PBXBuildFile; fileRef = B58CDE96192933AC001924C7 /* InfoPlist.strings */; };
		B58CDE9A192933AC001924C7 /* main.m in Sources */ = {isa = PBXBuildFile; fileRef = B58CDE99192933AC001924C7 /* main.m */; };
		B58CDE9E192933AC001924C7 /* backflipAppDelegate.m in Sources */ = {isa = PBXBuildFile; fileRef = B58CDE9D192933AC001924C7 /* backflipAppDelegate.m */; };
		B58CDEA1192933AC001924C7 /* Main_iPhone.storyboard in Resources */ = {isa = PBXBuildFile; fileRef = B58CDE9F192933AC001924C7 /* Main_iPhone.storyboard */; };
		B58CDEA4192933AC001924C7 /* Main_iPad.storyboard in Resources */ = {isa = PBXBuildFile; fileRef = B58CDEA2192933AC001924C7 /* Main_iPad.storyboard */; };
		B58CDEA7192933AC001924C7 /* backflipViewController.m in Sources */ = {isa = PBXBuildFile; fileRef = B58CDEA6192933AC001924C7 /* backflipViewController.m */; };
		B58CDEA9192933AC001924C7 /* Images.xcassets in Resources */ = {isa = PBXBuildFile; fileRef = B58CDEA8192933AC001924C7 /* Images.xcassets */; };
		B58CDEB0192933AC001924C7 /* XCTest.framework in Frameworks */ = {isa = PBXBuildFile; fileRef = B58CDEAF192933AC001924C7 /* XCTest.framework */; };
		B58CDEB1192933AC001924C7 /* Foundation.framework in Frameworks */ = {isa = PBXBuildFile; fileRef = B58CDE8D192933AC001924C7 /* Foundation.framework */; };
		B58CDEB2192933AC001924C7 /* UIKit.framework in Frameworks */ = {isa = PBXBuildFile; fileRef = B58CDE91192933AC001924C7 /* UIKit.framework */; };
		B58CDEBA192933AC001924C7 /* InfoPlist.strings in Resources */ = {isa = PBXBuildFile; fileRef = B58CDEB8192933AC001924C7 /* InfoPlist.strings */; };
		B58CDEBC192933AC001924C7 /* backflipjs_ios_webviewTests.m in Sources */ = {isa = PBXBuildFile; fileRef = B58CDEBB192933AC001924C7 /* backflipjs_ios_webviewTests.m */; };
		B58CDEC619293438001924C7 /* Podfile in Resources */ = {isa = PBXBuildFile; fileRef = B58CDEC519293438001924C7 /* Podfile */; };
		B58CDEC8192980C9001924C7 /* SystemConfiguration.framework in Frameworks */ = {isa = PBXBuildFile; fileRef = B58CDEC7192980C9001924C7 /* SystemConfiguration.framework */; };
		B58CDECC19299283001924C7 /* WebViewProxy.m in Sources */ = {isa = PBXBuildFile; fileRef = B58CDECB19299283001924C7 /* WebViewProxy.m */; };
/* End PBXBuildFile section */

/* Begin PBXContainerItemProxy section */
		B58CDEB3192933AC001924C7 /* PBXContainerItemProxy */ = {
			isa = PBXContainerItemProxy;
			containerPortal = B58CDE82192933AC001924C7 /* Project object */;
			proxyType = 1;
			remoteGlobalIDString = B58CDE89192933AC001924C7;
			remoteInfo = "backflipjs-ios-webview";
		};
/* End PBXContainerItemProxy section */

/* Begin PBXFileReference section */
		05D61C9A55574545AA6E5477 /* Pods.xcconfig */ = {isa = PBXFileReference; includeInIndex = 1; lastKnownFileType = text.xcconfig; name = Pods.xcconfig; path = Pods/Pods.xcconfig; sourceTree = "<group>"; };
		AC7F4EFCDB7E43E19307DEB7 /* libPods.a */ = {isa = PBXFileReference; explicitFileType = archive.ar; includeInIndex = 0; path = libPods.a; sourceTree = BUILT_PRODUCTS_DIR; };
		B58CDE8A192933AC001924C7 /* backflipjs-ios-webview.app */ = {isa = PBXFileReference; explicitFileType = wrapper.application; includeInIndex = 0; path = "backflipjs-ios-webview.app"; sourceTree = BUILT_PRODUCTS_DIR; };
		B58CDE8D192933AC001924C7 /* Foundation.framework */ = {isa = PBXFileReference; lastKnownFileType = wrapper.framework; name = Foundation.framework; path = System/Library/Frameworks/Foundation.framework; sourceTree = SDKROOT; };
		B58CDE8F192933AC001924C7 /* CoreGraphics.framework */ = {isa = PBXFileReference; lastKnownFileType = wrapper.framework; name = CoreGraphics.framework; path = System/Library/Frameworks/CoreGraphics.framework; sourceTree = SDKROOT; };
		B58CDE91192933AC001924C7 /* UIKit.framework */ = {isa = PBXFileReference; lastKnownFileType = wrapper.framework; name = UIKit.framework; path = System/Library/Frameworks/UIKit.framework; sourceTree = SDKROOT; };
		B58CDE95192933AC001924C7 /* backflipjs-ios-webview-Info.plist */ = {isa = PBXFileReference; lastKnownFileType = text.plist.xml; path = "backflipjs-ios-webview-Info.plist"; sourceTree = "<group>"; };
		B58CDE97192933AC001924C7 /* en */ = {isa = PBXFileReference; lastKnownFileType = text.plist.strings; name = en; path = en.lproj/InfoPlist.strings; sourceTree = "<group>"; };
		B58CDE99192933AC001924C7 /* main.m */ = {isa = PBXFileReference; lastKnownFileType = sourcecode.c.objc; path = main.m; sourceTree = "<group>"; };
		B58CDE9B192933AC001924C7 /* backflipjs-ios-webview-Prefix.pch */ = {isa = PBXFileReference; lastKnownFileType = sourcecode.c.h; path = "backflipjs-ios-webview-Prefix.pch"; sourceTree = "<group>"; };
		B58CDE9C192933AC001924C7 /* backflipAppDelegate.h */ = {isa = PBXFileReference; lastKnownFileType = sourcecode.c.h; path = backflipAppDelegate.h; sourceTree = "<group>"; };
		B58CDE9D192933AC001924C7 /* backflipAppDelegate.m */ = {isa = PBXFileReference; lastKnownFileType = sourcecode.c.objc; path = backflipAppDelegate.m; sourceTree = "<group>"; };
		B58CDEA0192933AC001924C7 /* Base */ = {isa = PBXFileReference; lastKnownFileType = file.storyboard; name = Base; path = Base.lproj/Main_iPhone.storyboard; sourceTree = "<group>"; };
		B58CDEA3192933AC001924C7 /* Base */ = {isa = PBXFileReference; lastKnownFileType = file.storyboard; name = Base; path = Base.lproj/Main_iPad.storyboard; sourceTree = "<group>"; };
		B58CDEA5192933AC001924C7 /* backflipViewController.h */ = {isa = PBXFileReference; lastKnownFileType = sourcecode.c.h; path = backflipViewController.h; sourceTree = "<group>"; };
		B58CDEA6192933AC001924C7 /* backflipViewController.m */ = {isa = PBXFileReference; lastKnownFileType = sourcecode.c.objc; path = backflipViewController.m; sourceTree = "<group>"; };
		B58CDEA8192933AC001924C7 /* Images.xcassets */ = {isa = PBXFileReference; lastKnownFileType = folder.assetcatalog; path = Images.xcassets; sourceTree = "<group>"; };
		B58CDEAE192933AC001924C7 /* backflipjs-ios-webviewTests.xctest */ = {isa = PBXFileReference; explicitFileType = wrapper.cfbundle; includeInIndex = 0; path = "backflipjs-ios-webviewTests.xctest"; sourceTree = BUILT_PRODUCTS_DIR; };
		B58CDEAF192933AC001924C7 /* XCTest.framework */ = {isa = PBXFileReference; lastKnownFileType = wrapper.framework; name = XCTest.framework; path = Library/Frameworks/XCTest.framework; sourceTree = DEVELOPER_DIR; };
		B58CDEB7192933AC001924C7 /* backflipjs-ios-webviewTests-Info.plist */ = {isa = PBXFileReference; lastKnownFileType = text.plist.xml; path = "backflipjs-ios-webviewTests-Info.plist"; sourceTree = "<group>"; };
		B58CDEB9192933AC001924C7 /* en */ = {isa = PBXFileReference; lastKnownFileType = text.plist.strings; name = en; path = en.lproj/InfoPlist.strings; sourceTree = "<group>"; };
		B58CDEBB192933AC001924C7 /* backflipjs_ios_webviewTests.m */ = {isa = PBXFileReference; lastKnownFileType = sourcecode.c.objc; path = backflipjs_ios_webviewTests.m; sourceTree = "<group>"; };
		B58CDEC519293438001924C7 /* Podfile */ = {isa = PBXFileReference; fileEncoding = 4; lastKnownFileType = text; path = Podfile; sourceTree = "<group>"; };
		B58CDEC7192980C9001924C7 /* SystemConfiguration.framework */ = {isa = PBXFileReference; lastKnownFileType = wrapper.framework; name = SystemConfiguration.framework; path = System/Library/Frameworks/SystemConfiguration.framework; sourceTree = SDKROOT; };
		B58CDECA19299275001924C7 /* WebViewProxy.h */ = {isa = PBXFileReference; fileEncoding = 4; lastKnownFileType = sourcecode.c.h; path = WebViewProxy.h; sourceTree = "<group>"; };
		B58CDECB19299283001924C7 /* WebViewProxy.m */ = {isa = PBXFileReference; fileEncoding = 4; lastKnownFileType = sourcecode.c.objc; path = WebViewProxy.m; sourceTree = "<group>"; };
/* End PBXFileReference section */

/* Begin PBXFrameworksBuildPhase section */
		B58CDE87192933AC001924C7 /* Frameworks */ = {
			isa = PBXFrameworksBuildPhase;
			buildActionMask = 2147483647;
			files = (
				B58CDEC8192980C9001924C7 /* SystemConfiguration.framework in Frameworks */,
				B58CDE90192933AC001924C7 /* CoreGraphics.framework in Frameworks */,
				B58CDE92192933AC001924C7 /* UIKit.framework in Frameworks */,
				B58CDE8E192933AC001924C7 /* Foundation.framework in Frameworks */,
				0E9AD179FE3C41CFBA1FEA6D /* libPods.a in Frameworks */,
			);
			runOnlyForDeploymentPostprocessing = 0;
		};
		B58CDEAB192933AC001924C7 /* Frameworks */ = {
			isa = PBXFrameworksBuildPhase;
			buildActionMask = 2147483647;
			files = (
				B58CDEB0192933AC001924C7 /* XCTest.framework in Frameworks */,
				B58CDEB2192933AC001924C7 /* UIKit.framework in Frameworks */,
				B58CDEB1192933AC001924C7 /* Foundation.framework in Frameworks */,
			);
			runOnlyForDeploymentPostprocessing = 0;
		};
/* End PBXFrameworksBuildPhase section */

/* Begin PBXGroup section */
		B58CDE81192933AC001924C7 = {
			isa = PBXGroup;
			children = (
				B58CDEC519293438001924C7 /* Podfile */,
				B58CDE93192933AC001924C7 /* backflipjs-ios-webview */,
				B58CDEB5192933AC001924C7 /* backflipjs-ios-webviewTests */,
				B58CDE8C192933AC001924C7 /* Frameworks */,
				B58CDE8B192933AC001924C7 /* Products */,
				05D61C9A55574545AA6E5477 /* Pods.xcconfig */,
			);
			sourceTree = "<group>";
		};
		B58CDE8B192933AC001924C7 /* Products */ = {
			isa = PBXGroup;
			children = (
				B58CDE8A192933AC001924C7 /* backflipjs-ios-webview.app */,
				B58CDEAE192933AC001924C7 /* backflipjs-ios-webviewTests.xctest */,
			);
			name = Products;
			sourceTree = "<group>";
		};
		B58CDE8C192933AC001924C7 /* Frameworks */ = {
			isa = PBXGroup;
			children = (
				B58CDEC7192980C9001924C7 /* SystemConfiguration.framework */,
				B58CDE8D192933AC001924C7 /* Foundation.framework */,
				B58CDE8F192933AC001924C7 /* CoreGraphics.framework */,
				B58CDE91192933AC001924C7 /* UIKit.framework */,
				B58CDEAF192933AC001924C7 /* XCTest.framework */,
				AC7F4EFCDB7E43E19307DEB7 /* libPods.a */,
			);
			name = Frameworks;
			sourceTree = "<group>";
		};
		B58CDE93192933AC001924C7 /* backflipjs-ios-webview */ = {
			isa = PBXGroup;
			children = (
				B58CDEC919299250001924C7 /* libs */,
				B58CDE9C192933AC001924C7 /* backflipAppDelegate.h */,
				B58CDE9D192933AC001924C7 /* backflipAppDelegate.m */,
				B58CDE9F192933AC001924C7 /* Main_iPhone.storyboard */,
				B58CDEA2192933AC001924C7 /* Main_iPad.storyboard */,
				B58CDEA5192933AC001924C7 /* backflipViewController.h */,
				B58CDEA6192933AC001924C7 /* backflipViewController.m */,
				B58CDEA8192933AC001924C7 /* Images.xcassets */,
				B58CDE94192933AC001924C7 /* Supporting Files */,
			);
			path = "backflipjs-ios-webview";
			sourceTree = "<group>";
		};
		B58CDE94192933AC001924C7 /* Supporting Files */ = {
			isa = PBXGroup;
			children = (
				B58CDE95192933AC001924C7 /* backflipjs-ios-webview-Info.plist */,
				B58CDE96192933AC001924C7 /* InfoPlist.strings */,
				B58CDE99192933AC001924C7 /* main.m */,
				B58CDE9B192933AC001924C7 /* backflipjs-ios-webview-Prefix.pch */,
			);
			name = "Supporting Files";
			sourceTree = "<group>";
		};
		B58CDEB5192933AC001924C7 /* backflipjs-ios-webviewTests */ = {
			isa = PBXGroup;
			children = (
				B58CDEBB192933AC001924C7 /* backflipjs_ios_webviewTests.m */,
				B58CDEB6192933AC001924C7 /* Supporting Files */,
			);
			path = "backflipjs-ios-webviewTests";
			sourceTree = "<group>";
		};
		B58CDEB6192933AC001924C7 /* Supporting Files */ = {
			isa = PBXGroup;
			children = (
				B58CDEB7192933AC001924C7 /* backflipjs-ios-webviewTests-Info.plist */,
				B58CDEB8192933AC001924C7 /* InfoPlist.strings */,
			);
			name = "Supporting Files";
			sourceTree = "<group>";
		};
		B58CDEC919299250001924C7 /* libs */ = {
			isa = PBXGroup;
			children = (
				B58CDECA19299275001924C7 /* WebViewProxy.h */,
				B58CDECB19299283001924C7 /* WebViewProxy.m */,
			);
			name = libs;
			sourceTree = "<group>";
		};
/* End PBXGroup section */

/* Begin PBXNativeTarget section */
		B58CDE89192933AC001924C7 /* backflipjs-ios-webview */ = {
			isa = PBXNativeTarget;
			buildConfigurationList = B58CDEBF192933AC001924C7 /* Build configuration list for PBXNativeTarget "backflipjs-ios-webview" */;
			buildPhases = (
				F1121ECCF0474986810B880C /* Check Pods Manifest.lock */,
				B58CDE86192933AC001924C7 /* Sources */,
				B58CDE87192933AC001924C7 /* Frameworks */,
				B58CDE88192933AC001924C7 /* Resources */,
				BD5CF4E35A3D46B4AD8230A3 /* Copy Pods Resources */,
			);
			buildRules = (
			);
			dependencies = (
			);
			name = "backflipjs-ios-webview";
			productName = "backflipjs-ios-webview";
			productReference = B58CDE8A192933AC001924C7 /* backflipjs-ios-webview.app */;
			productType = "com.apple.product-type.application";
		};
		B58CDEAD192933AC001924C7 /* backflipjs-ios-webviewTests */ = {
			isa = PBXNativeTarget;
			buildConfigurationList = B58CDEC2192933AC001924C7 /* Build configuration list for PBXNativeTarget "backflipjs-ios-webviewTests" */;
			buildPhases = (
				B58CDEAA192933AC001924C7 /* Sources */,
				B58CDEAB192933AC001924C7 /* Frameworks */,
				B58CDEAC192933AC001924C7 /* Resources */,
			);
			buildRules = (
			);
			dependencies = (
				B58CDEB4192933AC001924C7 /* PBXTargetDependency */,
			);
			name = "backflipjs-ios-webviewTests";
			productName = "backflipjs-ios-webviewTests";
			productReference = B58CDEAE192933AC001924C7 /* backflipjs-ios-webviewTests.xctest */;
			productType = "com.apple.product-type.bundle.unit-test";
		};
/* End PBXNativeTarget section */

/* Begin PBXProject section */
		B58CDE82192933AC001924C7 /* Project object */ = {
			isa = PBXProject;
			attributes = {
				CLASSPREFIX = backflip;
				LastUpgradeCheck = 0510;
				ORGANIZATIONNAME = "Eric Fernberg";
				TargetAttributes = {
					B58CDEAD192933AC001924C7 = {
						TestTargetID = B58CDE89192933AC001924C7;
					};
				};
			};
			buildConfigurationList = B58CDE85192933AC001924C7 /* Build configuration list for PBXProject "backflipjs-ios-webview" */;
			compatibilityVersion = "Xcode 3.2";
			developmentRegion = English;
			hasScannedForEncodings = 0;
			knownRegions = (
				en,
				Base,
			);
			mainGroup = B58CDE81192933AC001924C7;
			productRefGroup = B58CDE8B192933AC001924C7 /* Products */;
			projectDirPath = "";
			projectRoot = "";
			targets = (
				B58CDE89192933AC001924C7 /* backflipjs-ios-webview */,
				B58CDEAD192933AC001924C7 /* backflipjs-ios-webviewTests */,
			);
		};
/* End PBXProject section */

/* Begin PBXResourcesBuildPhase section */
		B58CDE88192933AC001924C7 /* Resources */ = {
			isa = PBXResourcesBuildPhase;
			buildActionMask = 2147483647;
			files = (
				B58CDEC619293438001924C7 /* Podfile in Resources */,
				B58CDEA4192933AC001924C7 /* Main_iPad.storyboard in Resources */,
				B58CDEA9192933AC001924C7 /* Images.xcassets in Resources */,
				B58CDEA1192933AC001924C7 /* Main_iPhone.storyboard in Resources */,
				B58CDE98192933AC001924C7 /* InfoPlist.strings in Resources */,
			);
			runOnlyForDeploymentPostprocessing = 0;
		};
		B58CDEAC192933AC001924C7 /* Resources */ = {
			isa = PBXResourcesBuildPhase;
			buildActionMask = 2147483647;
			files = (
				B58CDEBA192933AC001924C7 /* InfoPlist.strings in Resources */,
			);
			runOnlyForDeploymentPostprocessing = 0;
		};
/* End PBXResourcesBuildPhase section */

/* Begin PBXShellScriptBuildPhase section */
		BD5CF4E35A3D46B4AD8230A3 /* Copy Pods Resources */ = {
			isa = PBXShellScriptBuildPhase;
			buildActionMask = 2147483647;
			files = (
			);
			inputPaths = (
			);
			name = "Copy Pods Resources";
			outputPaths = (
			);
			runOnlyForDeploymentPostprocessing = 0;
			shellPath = /bin/sh;
			shellScript = "\"${SRCROOT}/Pods/Pods-resources.sh\"\n";
			showEnvVarsInLog = 0;
		};
		F1121ECCF0474986810B880C /* Check Pods Manifest.lock */ = {
			isa = PBXShellScriptBuildPhase;
			buildActionMask = 2147483647;
			files = (
			);
			inputPaths = (
			);
			name = "Check Pods Manifest.lock";
			outputPaths = (
			);
			runOnlyForDeploymentPostprocessing = 0;
			shellPath = /bin/sh;
			shellScript = "diff \"${PODS_ROOT}/../Podfile.lock\" \"${PODS_ROOT}/Manifest.lock\" > /dev/null\nif [[ $? != 0 ]] ; then\n    cat << EOM\nerror: The sandbox is not in sync with the Podfile.lock. Run 'pod install' or update your CocoaPods installation.\nEOM\n    exit 1\nfi\n";
			showEnvVarsInLog = 0;
		};
/* End PBXShellScriptBuildPhase section */

/* Begin PBXSourcesBuildPhase section */
		B58CDE86192933AC001924C7 /* Sources */ = {
			isa = PBXSourcesBuildPhase;
			buildActionMask = 2147483647;
			files = (
				B58CDECC19299283001924C7 /* WebViewProxy.m in Sources */,
				B58CDE9E192933AC001924C7 /* backflipAppDelegate.m in Sources */,
				B58CDEA7192933AC001924C7 /* backflipViewController.m in Sources */,
				B58CDE9A192933AC001924C7 /* main.m in Sources */,
			);
			runOnlyForDeploymentPostprocessing = 0;
		};
		B58CDEAA192933AC001924C7 /* Sources */ = {
			isa = PBXSourcesBuildPhase;
			buildActionMask = 2147483647;
			files = (
				B58CDEBC192933AC001924C7 /* backflipjs_ios_webviewTests.m in Sources */,
			);
			runOnlyForDeploymentPostprocessing = 0;
		};
/* End PBXSourcesBuildPhase section */

/* Begin PBXTargetDependency section */
		B58CDEB4192933AC001924C7 /* PBXTargetDependency */ = {
			isa = PBXTargetDependency;
			target = B58CDE89192933AC001924C7 /* backflipjs-ios-webview */;
			targetProxy = B58CDEB3192933AC001924C7 /* PBXContainerItemProxy */;
		};
/* End PBXTargetDependency section */

/* Begin PBXVariantGroup section */
		B58CDE96192933AC001924C7 /* InfoPlist.strings */ = {
			isa = PBXVariantGroup;
			children = (
				B58CDE97192933AC001924C7 /* en */,
			);
			name = InfoPlist.strings;
			sourceTree = "<group>";
		};
		B58CDE9F192933AC001924C7 /* Main_iPhone.storyboard */ = {
			isa = PBXVariantGroup;
			children = (
				B58CDEA0192933AC001924C7 /* Base */,
			);
			name = Main_iPhone.storyboard;
			sourceTree = "<group>";
		};
		B58CDEA2192933AC001924C7 /* Main_iPad.storyboard */ = {
			isa = PBXVariantGroup;
			children = (
				B58CDEA3192933AC001924C7 /* Base */,
			);
			name = Main_iPad.storyboard;
			sourceTree = "<group>";
		};
		B58CDEB8192933AC001924C7 /* InfoPlist.strings */ = {
			isa = PBXVariantGroup;
			children = (
				B58CDEB9192933AC001924C7 /* en */,
			);
			name = InfoPlist.strings;
			sourceTree = "<group>";
		};
/* End PBXVariantGroup section */

/* Begin XCBuildConfiguration section */
		B58CDEBD192933AC001924C7 /* Debug */ = {
			isa = XCBuildConfiguration;
			buildSettings = {
				ALWAYS_SEARCH_USER_PATHS = NO;
				CLANG_CXX_LANGUAGE_STANDARD = "gnu++0x";
				CLANG_CXX_LIBRARY = "libc++";
				CLANG_ENABLE_MODULES = YES;
				CLANG_ENABLE_OBJC_ARC = YES;
				CLANG_WARN_BOOL_CONVERSION = YES;
				CLANG_WARN_CONSTANT_CONVERSION = YES;
				CLANG_WARN_DIRECT_OBJC_ISA_USAGE = YES_ERROR;
				CLANG_WARN_EMPTY_BODY = YES;
				CLANG_WARN_ENUM_CONVERSION = YES;
				CLANG_WARN_INT_CONVERSION = YES;
				CLANG_WARN_OBJC_ROOT_CLASS = YES_ERROR;
				CLANG_WARN__DUPLICATE_METHOD_MATCH = YES;
				"CODE_SIGN_IDENTITY[sdk=iphoneos*]" = "iPhone Developer";
				COPY_PHASE_STRIP = NO;
				GCC_C_LANGUAGE_STANDARD = gnu99;
				GCC_DYNAMIC_NO_PIC = NO;
				GCC_OPTIMIZATION_LEVEL = 0;
				GCC_PREPROCESSOR_DEFINITIONS = (
					"DEBUG=1",
					"$(inherited)",
				);
				GCC_SYMBOLS_PRIVATE_EXTERN = NO;
				GCC_WARN_64_TO_32_BIT_CONVERSION = YES;
				GCC_WARN_ABOUT_RETURN_TYPE = YES_ERROR;
				GCC_WARN_UNDECLARED_SELECTOR = YES;
				GCC_WARN_UNINITIALIZED_AUTOS = YES_AGGRESSIVE;
				GCC_WARN_UNUSED_FUNCTION = YES;
				GCC_WARN_UNUSED_VARIABLE = YES;
				IPHONEOS_DEPLOYMENT_TARGET = 7.1;
				ONLY_ACTIVE_ARCH = YES;
				SDKROOT = iphoneos;
				TARGETED_DEVICE_FAMILY = "1,2";
			};
			name = Debug;
		};
		B58CDEBE192933AC001924C7 /* Release */ = {
			isa = XCBuildConfiguration;
			buildSettings = {
				ALWAYS_SEARCH_USER_PATHS = NO;
				CLANG_CXX_LANGUAGE_STANDARD = "gnu++0x";
				CLANG_CXX_LIBRARY = "libc++";
				CLANG_ENABLE_MODULES = YES;
				CLANG_ENABLE_OBJC_ARC = YES;
				CLANG_WARN_BOOL_CONVERSION = YES;
				CLANG_WARN_CONSTANT_CONVERSION = YES;
				CLANG_WARN_DIRECT_OBJC_ISA_USAGE = YES_ERROR;
				CLANG_WARN_EMPTY_BODY = YES;
				CLANG_WARN_ENUM_CONVERSION = YES;
				CLANG_WARN_INT_CONVERSION = YES;
				CLANG_WARN_OBJC_ROOT_CLASS = YES_ERROR;
				CLANG_WARN__DUPLICATE_METHOD_MATCH = YES;
				"CODE_SIGN_IDENTITY[sdk=iphoneos*]" = "iPhone Developer";
				COPY_PHASE_STRIP = YES;
				ENABLE_NS_ASSERTIONS = NO;
				GCC_C_LANGUAGE_STANDARD = gnu99;
				GCC_WARN_64_TO_32_BIT_CONVERSION = YES;
				GCC_WARN_ABOUT_RETURN_TYPE = YES_ERROR;
				GCC_WARN_UNDECLARED_SELECTOR = YES;
				GCC_WARN_UNINITIALIZED_AUTOS = YES_AGGRESSIVE;
				GCC_WARN_UNUSED_FUNCTION = YES;
				GCC_WARN_UNUSED_VARIABLE = YES;
				IPHONEOS_DEPLOYMENT_TARGET = 7.1;
				SDKROOT = iphoneos;
				TARGETED_DEVICE_FAMILY = "1,2";
				VALIDATE_PRODUCT = YES;
			};
			name = Release;
		};
		B58CDEC0192933AC001924C7 /* Debug */ = {
			isa = XCBuildConfiguration;
			baseConfigurationReference = 05D61C9A55574545AA6E5477 /* Pods.xcconfig */;
			buildSettings = {
				ASSETCATALOG_COMPILER_APPICON_NAME = AppIcon;
				ASSETCATALOG_COMPILER_LAUNCHIMAGE_NAME = LaunchImage;
				GCC_PRECOMPILE_PREFIX_HEADER = YES;
				GCC_PREFIX_HEADER = "backflipjs-ios-webview/backflipjs-ios-webview-Prefix.pch";
				INFOPLIST_FILE = "backflipjs-ios-webview/backflipjs-ios-webview-Info.plist";
				PRODUCT_NAME = "$(TARGET_NAME)";
				WRAPPER_EXTENSION = app;
			};
			name = Debug;
		};
		B58CDEC1192933AC001924C7 /* Release */ = {
			isa = XCBuildConfiguration;
			baseConfigurationReference = 05D61C9A55574545AA6E5477 /* Pods.xcconfig */;
			buildSettings = {
				ASSETCATALOG_COMPILER_APPICON_NAME = AppIcon;
				ASSETCATALOG_COMPILER_LAUNCHIMAGE_NAME = LaunchImage;
				GCC_PRECOMPILE_PREFIX_HEADER = YES;
				GCC_PREFIX_HEADER = "backflipjs-ios-webview/backflipjs-ios-webview-Prefix.pch";
				INFOPLIST_FILE = "backflipjs-ios-webview/backflipjs-ios-webview-Info.plist";
				PRODUCT_NAME = "$(TARGET_NAME)";
				WRAPPER_EXTENSION = app;
			};
			name = Release;
		};
		B58CDEC3192933AC001924C7 /* Debug */ = {
			isa = XCBuildConfiguration;
			buildSettings = {
				BUNDLE_LOADER = "$(BUILT_PRODUCTS_DIR)/backflipjs-ios-webview.app/backflipjs-ios-webview";
				FRAMEWORK_SEARCH_PATHS = (
					"$(SDKROOT)/Developer/Library/Frameworks",
					"$(inherited)",
					"$(DEVELOPER_FRAMEWORKS_DIR)",
				);
				GCC_PRECOMPILE_PREFIX_HEADER = YES;
				GCC_PREFIX_HEADER = "backflipjs-ios-webview/backflipjs-ios-webview-Prefix.pch";
				GCC_PREPROCESSOR_DEFINITIONS = (
					"DEBUG=1",
					"$(inherited)",
				);
				INFOPLIST_FILE = "backflipjs-ios-webviewTests/backflipjs-ios-webviewTests-Info.plist";
				PRODUCT_NAME = "$(TARGET_NAME)";
				TEST_HOST = "$(BUNDLE_LOADER)";
				WRAPPER_EXTENSION = xctest;
			};
			name = Debug;
		};
		B58CDEC4192933AC001924C7 /* Release */ = {
			isa = XCBuildConfiguration;
			buildSettings = {
				BUNDLE_LOADER = "$(BUILT_PRODUCTS_DIR)/backflipjs-ios-webview.app/backflipjs-ios-webview";
				FRAMEWORK_SEARCH_PATHS = (
					"$(SDKROOT)/Developer/Library/Frameworks",
					"$(inherited)",
					"$(DEVELOPER_FRAMEWORKS_DIR)",
				);
				GCC_PRECOMPILE_PREFIX_HEADER = YES;
				GCC_PREFIX_HEADER = "backflipjs-ios-webview/backflipjs-ios-webview-Prefix.pch";
				INFOPLIST_FILE = "backflipjs-ios-webviewTests/backflipjs-ios-webviewTests-Info.plist";
				PRODUCT_NAME = "$(TARGET_NAME)";
				TEST_HOST = "$(BUNDLE_LOADER)";
				WRAPPER_EXTENSION = xctest;
			};
			name = Release;
		};
/* End XCBuildConfiguration section */

/* Begin XCConfigurationList section */
		B58CDE85192933AC001924C7 /* Build configuration list for PBXProject "backflipjs-ios-webview" */ = {
			isa = XCConfigurationList;
			buildConfigurations = (
				B58CDEBD192933AC001924C7 /* Debug */,
				B58CDEBE192933AC001924C7 /* Release */,
			);
			defaultConfigurationIsVisible = 0;
			defaultConfigurationName = Release;
		};
		B58CDEBF192933AC001924C7 /* Build configuration list for PBXNativeTarget "backflipjs-ios-webview" */ = {
			isa = XCConfigurationList;
			buildConfigurations = (
				B58CDEC0192933AC001924C7 /* Debug */,
				B58CDEC1192933AC001924C7 /* Release */,
			);
			defaultConfigurationIsVisible = 0;
			defaultConfigurationName = Release;
		};
		B58CDEC2192933AC001924C7 /* Build configuration list for PBXNativeTarget "backflipjs-ios-webviewTests" */ = {
			isa = XCConfigurationList;
			buildConfigurations = (
				B58CDEC3192933AC001924C7 /* Debug */,
				B58CDEC4192933AC001924C7 /* Release */,
			);
			defaultConfigurationIsVisible = 0;
			defaultConfigurationName = Release;
		};
/* End XCConfigurationList section */
	};
	rootObject = B58CDE82192933AC001924C7 /* Project object */;
}
